
Microsoft Visual Studio Solution File, Format Version 12.00
# Visual Studio Version 16
VisualStudioVersion = 16.0.28729.10
MinimumVisualStudioVersion = 10.0.40219.1
Project("{9A19103F-16F7-4668-BE54-9A1E7A4F7556}") = "DotNetCoreBackend", "DotNetCoreBackend.csproj", "{B641971E-6EF5-4417-83CF-7558E825683E}"
EndProject
Project("{9A19103F-16F7-4668-BE54-9A1E7A4F7556}") = "NHibernate.Sample.Console", "..\NHibernate.Sample.Console\NHibernate.Sample.Console.csproj", "{3036DF1F-A012-4293-8B09-2C04C8552AEA}"
EndProject
Project("{FAE04EC0-301F-11D3-BF4B-00C04F79EFBC}") = "Infra.NH", "..\Infra.NH\Infra.NH.csproj", "{FAB8EBC2-162E-4400-A402-022ED4DD2F77}"
EndProject
Global
	GlobalSection(SolutionConfigurationPlatforms) = preSolution
		Debug|Any CPU = Debug|Any CPU
		Debug|x64 = Debug|x64
		Release|Any CPU = Release|Any CPU
		Release|x64 = Release|x64
	EndGlobalSection
	GlobalSection(ProjectConfigurationPlatforms) = postSolution
		{B641971E-6EF5-4417-83CF-7558E825683E}.Debug|Any CPU.ActiveCfg = Debug|Any CPU
		{B641971E-6EF5-4417-83CF-7558E825683E}.Debug|Any CPU.Build.0 = Debug|Any CPU
		{B641971E-6EF5-4417-83CF-7558E825683E}.Debug|x64.ActiveCfg = Debug|x64
		{B641971E-6EF5-4417-83CF-7558E825683E}.Debug|x64.Build.0 = Debug|x64
		{B641971E-6EF5-4417-83CF-7558E825683E}.Release|Any CPU.ActiveCfg = Release|Any CPU
		{B641971E-6EF5-4417-83CF-7558E825683E}.Release|Any CPU.Build.0 = Release|Any CPU
		{B641971E-6EF5-4417-83CF-7558E825683E}.Release|x64.ActiveCfg = Release|x64
		{B641971E-6EF5-4417-83CF-7558E825683E}.Release|x64.Build.0 = Release|x64
		{3036DF1F-A012-4293-8B09-2C04C8552AEA}.Debug|Any CPU.ActiveCfg = Debug|Any CPU
		{3036DF1F-A012-4293-8B09-2C04C8552AEA}.Debug|Any CPU.Build.0 = Debug|Any CPU
		{3036DF1F-A012-4293-8B09-2C04C8552AEA}.Debug|x64.ActiveCfg = Debug|Any CPU
		{3036DF1F-A012-4293-8B09-2C04C8552AEA}.Debug|x64.Build.0 = Debug|Any CPU
		{3036DF1F-A012-4293-8B09-2C04C8552AEA}.Release|Any CPU.ActiveCfg = Release|Any CPU
		{3036DF1F-A012-4293-8B09-2C04C8552AEA}.Release|Any CPU.Build.0 = Release|Any CPU
		{3036DF1F-A012-4293-8B09-2C04C8552AEA}.Release|x64.ActiveCfg = Release|Any CPU
		{3036DF1F-A012-4293-8B09-2C04C8552AEA}.Release|x64.Build.0 = Release|Any CPU
		{FAB8EBC2-162E-4400-A402-022ED4DD2F77}.Debug|Any CPU.ActiveCfg = Debug|Any CPU
		{FAB8EBC2-162E-4400-A402-022ED4DD2F77}.Debug|Any CPU.Build.0 = Debug|Any CPU
		{FAB8EBC2-162E-4400-A402-022ED4DD2F77}.Debug|x64.ActiveCfg = Debug|Any CPU
		{FAB8EBC2-162E-4400-A402-022ED4DD2F77}.Debug|x64.Build.0 = Debug|Any CPU
		{FAB8EBC2-162E-4400-A402-022ED4DD2F77}.Release|Any CPU.ActiveCfg = Release|Any CPU
		{FAB8EBC2-162E-4400-A402-022ED4DD2F77}.Release|Any CPU.Build.0 = Release|Any CPU
		{FAB8EBC2-162E-4400-A402-022ED4DD2F77}.Release|x64.ActiveCfg = Release|Any CPU
		{FAB8EBC2-162E-4400-A402-022ED4DD2F77}.Release|x64.Build.0 = Release|Any CPU
	EndGlobalSection
	GlobalSection(SolutionProperties) = preSolution
		HideSolutionNode = FALSE
	EndGlobalSection
	GlobalSection(ExtensibilityGlobals) = postSolution
		SolutionGuid = {1E5C887A-5F99-4493-A3C6-44F124D2F9BB}
	EndGlobalSection
EndGlobal
