
Microsoft Visual Studio Solution File, Format Version 12.00
# Visual Studio Version 16
VisualStudioVersion = 16.0.29418.71
MinimumVisualStudioVersion = 10.0.40219.1
Project("{FAE04EC0-301F-11D3-BF4B-00C04F79EFBC}") = "Lotofacil", "Lotofacil\Lotofacil.csproj", "{44DA1249-E024-4DE6-B43A-079906BD8D27}"
EndProject
Project("{FAE04EC0-301F-11D3-BF4B-00C04F79EFBC}") = "SorteioTabelaCampeonato", "SorteioTabelaCampeonato\SorteioTabelaCampeonato.csproj", "{D17A2107-2AB8-4300-9CD6-7E9C4094C243}"
EndProject
Project("{FAE04EC0-301F-11D3-BF4B-00C04F79EFBC}") = "ContandoTempoExecucao", "ContandoTempoExecucao\ContandoTempoExecucao.csproj", "{2D63DC9D-38C1-46A5-948A-27B415406B0B}"
EndProject
Project("{FAE04EC0-301F-11D3-BF4B-00C04F79EFBC}") = "CapturaHtml", "CapturaHtml\CapturaHtml.csproj", "{2CBAD534-08FD-46BD-92A2-1B9C1B97B8B2}"
EndProject
Project("{FAE04EC0-301F-11D3-BF4B-00C04F79EFBC}") = "PrintScreen", "PrintScreen\PrintScreen.csproj", "{8ED60622-E3B1-4BBD-8D94-A91A389FE66C}"
EndProject
Project("{2150E333-8FDC-42A3-9474-1A3956D46DE8}") = "Livro58SolucoesEmDotNet", "Livro58SolucoesEmDotNet", "{A97E7665-EEEB-49F6-AB79-F81589551CA3}"
EndProject
Project("{FAE04EC0-301F-11D3-BF4B-00C04F79EFBC}") = "ManipulacaoDeArquivosTextoNavegandoAtravesTeclaEnter", "ManipulacaoDeArquivosTexto\ManipulacaoDeArquivosTextoNavegandoAtravesTeclaEnter.csproj", "{E557CB4E-AA27-4BFE-9EA3-D8314B94F495}"
EndProject
Project("{FAE04EC0-301F-11D3-BF4B-00C04F79EFBC}") = "EncryptAndDecrypt", "EncryptAndDecrypt\EncryptAndDecrypt.csproj", "{EB3438C1-E18A-4007-A1E4-25B6B6D4E430}"
EndProject
Project("{FAE04EC0-301F-11D3-BF4B-00C04F79EFBC}") = "ImprimindoControles", "ImprimindoControles\ImprimindoControles.csproj", "{CD31453A-D088-44EB-9468-C84F0E9D21DF}"
EndProject
Project("{FAE04EC0-301F-11D3-BF4B-00C04F79EFBC}") = "Administrator", "Administrator\Administrator.csproj", "{E334EDAC-C9AC-4FF3-9D29-706B705DA153}"
EndProject
Project("{FAE04EC0-301F-11D3-BF4B-00C04F79EFBC}") = "ReconhecimentoDeVozETTS", "ReconhecimentoDeVozETTS\ConsoleApplication1\ReconhecimentoDeVozETTS.csproj", "{5726C94C-77CB-4757-8A20-D66CD1317394}"
EndProject
Project("{FAE04EC0-301F-11D3-BF4B-00C04F79EFBC}") = "RecursosDaMaquina", "RecursosDaMaquina\RecursosDaMaquina.csproj", "{239C8556-B259-4A17-BED3-BFAC17299D88}"
EndProject
Project("{FAE04EC0-301F-11D3-BF4B-00C04F79EFBC}") = "MyLibrary", "MyLibrary\MyLibrary.csproj", "{C9AF0E6C-2F1B-4A78-8224-BD8B16817C03}"
EndProject
Project("{FAE04EC0-301F-11D3-BF4B-00C04F79EFBC}") = "CommandIpDevice", "CommandIpDevice\CommandIpDevice.csproj", "{B6EE20A6-0495-4A40-A37A-8A7B44E72521}"
EndProject
Project("{FAE04EC0-301F-11D3-BF4B-00C04F79EFBC}") = "TimeOut", "TimeOut\TimeOut.csproj", "{88497F13-8AEE-46B0-ABA4-DB80F1F25038}"
EndProject
Project("{FAE04EC0-301F-11D3-BF4B-00C04F79EFBC}") = "SystemTrayApp", "SystemTrayApp\SystemTrayApp.csproj", "{F317AF2E-9704-4A2A-BDAE-B4662ED9483B}"
EndProject
Project("{FAE04EC0-301F-11D3-BF4B-00C04F79EFBC}") = "Unlock", "WindowsFormsExample\Unlock.csproj", "{5BA49CDA-E7B5-4F2B-9A17-A13CF03B8A02}"
EndProject
Project("{9A19103F-16F7-4668-BE54-9A1E7A4F7556}") = "AdministratorCore", "AdministratorCore\AdministratorCore.csproj", "{EEB0567C-D867-4D98-BCD5-FD2224E533D9}"
EndProject
Project("{2150E333-8FDC-42A3-9474-1A3956D46DE8}") = "Recorder", "Recorder", "{49808AAA-E11F-4EC3-97D6-B1FF6D991EC9}"
EndProject
Project("{9A19103F-16F7-4668-BE54-9A1E7A4F7556}") = "ConsoleRecorderCore", "ConsoleRecorderCore\ConsoleRecorderCore.csproj", "{A47F9FE8-C5D2-415D-973A-BC733092DEDC}"
EndProject
Project("{9A19103F-16F7-4668-BE54-9A1E7A4F7556}") = "ConsoleRecorderTest", "ConsoleRecorderTest\ConsoleRecorderTest.csproj", "{607C5DD8-03AC-4265-9F89-B5A8F9CB4EBB}"
EndProject
Project("{9A19103F-16F7-4668-BE54-9A1E7A4F7556}") = "CountLines", "InboudConsole\CountLines.csproj", "{76992B00-5921-471E-9655-22C4789071B5}"
EndProject
Global
	GlobalSection(SolutionConfigurationPlatforms) = preSolution
		Debug|Any CPU = Debug|Any CPU
		Debug|Mixed Platforms = Debug|Mixed Platforms
		Debug|Win32 = Debug|Win32
		Debug|x64 = Debug|x64
		Debug|x86 = Debug|x86
		Release|Any CPU = Release|Any CPU
		Release|Mixed Platforms = Release|Mixed Platforms
		Release|Win32 = Release|Win32
		Release|x64 = Release|x64
		Release|x86 = Release|x86
	EndGlobalSection
	GlobalSection(ProjectConfigurationPlatforms) = postSolution
		{44DA1249-E024-4DE6-B43A-079906BD8D27}.Debug|Any CPU.ActiveCfg = Debug|x86
		{44DA1249-E024-4DE6-B43A-079906BD8D27}.Debug|Mixed Platforms.ActiveCfg = Debug|x86
		{44DA1249-E024-4DE6-B43A-079906BD8D27}.Debug|Mixed Platforms.Build.0 = Debug|x86
		{44DA1249-E024-4DE6-B43A-079906BD8D27}.Debug|Win32.ActiveCfg = Debug|x86
		{44DA1249-E024-4DE6-B43A-079906BD8D27}.Debug|Win32.Build.0 = Debug|x86
		{44DA1249-E024-4DE6-B43A-079906BD8D27}.Debug|x64.ActiveCfg = Debug|Any CPU
		{44DA1249-E024-4DE6-B43A-079906BD8D27}.Debug|x64.Build.0 = Debug|Any CPU
		{44DA1249-E024-4DE6-B43A-079906BD8D27}.Debug|x86.ActiveCfg = Debug|x86
		{44DA1249-E024-4DE6-B43A-079906BD8D27}.Debug|x86.Build.0 = Debug|x86
		{44DA1249-E024-4DE6-B43A-079906BD8D27}.Release|Any CPU.ActiveCfg = Release|x86
		{44DA1249-E024-4DE6-B43A-079906BD8D27}.Release|Mixed Platforms.ActiveCfg = Release|x86
		{44DA1249-E024-4DE6-B43A-079906BD8D27}.Release|Mixed Platforms.Build.0 = Release|x86
		{44DA1249-E024-4DE6-B43A-079906BD8D27}.Release|Win32.ActiveCfg = Release|x86
		{44DA1249-E024-4DE6-B43A-079906BD8D27}.Release|Win32.Build.0 = Release|x86
		{44DA1249-E024-4DE6-B43A-079906BD8D27}.Release|x64.ActiveCfg = Release|x64
		{44DA1249-E024-4DE6-B43A-079906BD8D27}.Release|x86.ActiveCfg = Release|x86
		{44DA1249-E024-4DE6-B43A-079906BD8D27}.Release|x86.Build.0 = Release|x86
		{D17A2107-2AB8-4300-9CD6-7E9C4094C243}.Debug|Any CPU.ActiveCfg = Debug|x86
		{D17A2107-2AB8-4300-9CD6-7E9C4094C243}.Debug|Mixed Platforms.ActiveCfg = Debug|x86
		{D17A2107-2AB8-4300-9CD6-7E9C4094C243}.Debug|Mixed Platforms.Build.0 = Debug|x86
		{D17A2107-2AB8-4300-9CD6-7E9C4094C243}.Debug|Win32.ActiveCfg = Debug|x86
		{D17A2107-2AB8-4300-9CD6-7E9C4094C243}.Debug|Win32.Build.0 = Debug|x86
		{D17A2107-2AB8-4300-9CD6-7E9C4094C243}.Debug|x64.ActiveCfg = Debug|Any CPU
		{D17A2107-2AB8-4300-9CD6-7E9C4094C243}.Debug|x64.Build.0 = Debug|Any CPU
		{D17A2107-2AB8-4300-9CD6-7E9C4094C243}.Debug|x86.ActiveCfg = Debug|x86
		{D17A2107-2AB8-4300-9CD6-7E9C4094C243}.Debug|x86.Build.0 = Debug|x86
		{D17A2107-2AB8-4300-9CD6-7E9C4094C243}.Release|Any CPU.ActiveCfg = Release|x86
		{D17A2107-2AB8-4300-9CD6-7E9C4094C243}.Release|Mixed Platforms.ActiveCfg = Release|x86
		{D17A2107-2AB8-4300-9CD6-7E9C4094C243}.Release|Mixed Platforms.Build.0 = Release|x86
		{D17A2107-2AB8-4300-9CD6-7E9C4094C243}.Release|Win32.ActiveCfg = Release|x86
		{D17A2107-2AB8-4300-9CD6-7E9C4094C243}.Release|Win32.Build.0 = Release|x86
		{D17A2107-2AB8-4300-9CD6-7E9C4094C243}.Release|x64.ActiveCfg = Release|x64
		{D17A2107-2AB8-4300-9CD6-7E9C4094C243}.Release|x86.ActiveCfg = Release|x86
		{D17A2107-2AB8-4300-9CD6-7E9C4094C243}.Release|x86.Build.0 = Release|x86
		{2D63DC9D-38C1-46A5-948A-27B415406B0B}.Debug|Any CPU.ActiveCfg = Debug|x86
		{2D63DC9D-38C1-46A5-948A-27B415406B0B}.Debug|Mixed Platforms.ActiveCfg = Debug|x86
		{2D63DC9D-38C1-46A5-948A-27B415406B0B}.Debug|Mixed Platforms.Build.0 = Debug|x86
		{2D63DC9D-38C1-46A5-948A-27B415406B0B}.Debug|Win32.ActiveCfg = Debug|x86
		{2D63DC9D-38C1-46A5-948A-27B415406B0B}.Debug|Win32.Build.0 = Debug|x86
		{2D63DC9D-38C1-46A5-948A-27B415406B0B}.Debug|x64.ActiveCfg = Debug|Any CPU
		{2D63DC9D-38C1-46A5-948A-27B415406B0B}.Debug|x64.Build.0 = Debug|Any CPU
		{2D63DC9D-38C1-46A5-948A-27B415406B0B}.Debug|x86.ActiveCfg = Debug|x86
		{2D63DC9D-38C1-46A5-948A-27B415406B0B}.Debug|x86.Build.0 = Debug|x86
		{2D63DC9D-38C1-46A5-948A-27B415406B0B}.Release|Any CPU.ActiveCfg = Release|x86
		{2D63DC9D-38C1-46A5-948A-27B415406B0B}.Release|Mixed Platforms.ActiveCfg = Release|x86
		{2D63DC9D-38C1-46A5-948A-27B415406B0B}.Release|Mixed Platforms.Build.0 = Release|x86
		{2D63DC9D-38C1-46A5-948A-27B415406B0B}.Release|Win32.ActiveCfg = Release|x86
		{2D63DC9D-38C1-46A5-948A-27B415406B0B}.Release|Win32.Build.0 = Release|x86
		{2D63DC9D-38C1-46A5-948A-27B415406B0B}.Release|x64.ActiveCfg = Release|x64
		{2D63DC9D-38C1-46A5-948A-27B415406B0B}.Release|x86.ActiveCfg = Release|x86
		{2D63DC9D-38C1-46A5-948A-27B415406B0B}.Release|x86.Build.0 = Release|x86
		{2CBAD534-08FD-46BD-92A2-1B9C1B97B8B2}.Debug|Any CPU.ActiveCfg = Debug|x86
		{2CBAD534-08FD-46BD-92A2-1B9C1B97B8B2}.Debug|Mixed Platforms.ActiveCfg = Debug|x86
		{2CBAD534-08FD-46BD-92A2-1B9C1B97B8B2}.Debug|Mixed Platforms.Build.0 = Debug|x86
		{2CBAD534-08FD-46BD-92A2-1B9C1B97B8B2}.Debug|Win32.ActiveCfg = Debug|x86
		{2CBAD534-08FD-46BD-92A2-1B9C1B97B8B2}.Debug|Win32.Build.0 = Debug|x86
		{2CBAD534-08FD-46BD-92A2-1B9C1B97B8B2}.Debug|x64.ActiveCfg = Debug|Any CPU
		{2CBAD534-08FD-46BD-92A2-1B9C1B97B8B2}.Debug|x64.Build.0 = Debug|Any CPU
		{2CBAD534-08FD-46BD-92A2-1B9C1B97B8B2}.Debug|x86.ActiveCfg = Debug|x86
		{2CBAD534-08FD-46BD-92A2-1B9C1B97B8B2}.Debug|x86.Build.0 = Debug|x86
		{2CBAD534-08FD-46BD-92A2-1B9C1B97B8B2}.Release|Any CPU.ActiveCfg = Release|x86
		{2CBAD534-08FD-46BD-92A2-1B9C1B97B8B2}.Release|Mixed Platforms.ActiveCfg = Release|x86
		{2CBAD534-08FD-46BD-92A2-1B9C1B97B8B2}.Release|Mixed Platforms.Build.0 = Release|x86
		{2CBAD534-08FD-46BD-92A2-1B9C1B97B8B2}.Release|Win32.ActiveCfg = Release|x86
		{2CBAD534-08FD-46BD-92A2-1B9C1B97B8B2}.Release|Win32.Build.0 = Release|x86
		{2CBAD534-08FD-46BD-92A2-1B9C1B97B8B2}.Release|x64.ActiveCfg = Release|x64
		{2CBAD534-08FD-46BD-92A2-1B9C1B97B8B2}.Release|x86.ActiveCfg = Release|x86
		{2CBAD534-08FD-46BD-92A2-1B9C1B97B8B2}.Release|x86.Build.0 = Release|x86
		{8ED60622-E3B1-4BBD-8D94-A91A389FE66C}.Debug|Any CPU.ActiveCfg = Debug|x86
		{8ED60622-E3B1-4BBD-8D94-A91A389FE66C}.Debug|Mixed Platforms.ActiveCfg = Debug|x86
		{8ED60622-E3B1-4BBD-8D94-A91A389FE66C}.Debug|Mixed Platforms.Build.0 = Debug|x86
		{8ED60622-E3B1-4BBD-8D94-A91A389FE66C}.Debug|Win32.ActiveCfg = Debug|x86
		{8ED60622-E3B1-4BBD-8D94-A91A389FE66C}.Debug|Win32.Build.0 = Debug|x86
		{8ED60622-E3B1-4BBD-8D94-A91A389FE66C}.Debug|x64.ActiveCfg = Debug|Any CPU
		{8ED60622-E3B1-4BBD-8D94-A91A389FE66C}.Debug|x64.Build.0 = Debug|Any CPU
		{8ED60622-E3B1-4BBD-8D94-A91A389FE66C}.Debug|x86.ActiveCfg = Debug|x86
		{8ED60622-E3B1-4BBD-8D94-A91A389FE66C}.Debug|x86.Build.0 = Debug|x86
		{8ED60622-E3B1-4BBD-8D94-A91A389FE66C}.Release|Any CPU.ActiveCfg = Release|x86
		{8ED60622-E3B1-4BBD-8D94-A91A389FE66C}.Release|Mixed Platforms.ActiveCfg = Release|x86
		{8ED60622-E3B1-4BBD-8D94-A91A389FE66C}.Release|Mixed Platforms.Build.0 = Release|x86
		{8ED60622-E3B1-4BBD-8D94-A91A389FE66C}.Release|Win32.ActiveCfg = Release|x86
		{8ED60622-E3B1-4BBD-8D94-A91A389FE66C}.Release|Win32.Build.0 = Release|x86
		{8ED60622-E3B1-4BBD-8D94-A91A389FE66C}.Release|x64.ActiveCfg = Release|x64
		{8ED60622-E3B1-4BBD-8D94-A91A389FE66C}.Release|x86.ActiveCfg = Release|x86
		{8ED60622-E3B1-4BBD-8D94-A91A389FE66C}.Release|x86.Build.0 = Release|x86
		{E557CB4E-AA27-4BFE-9EA3-D8314B94F495}.Debug|Any CPU.ActiveCfg = Debug|Any CPU
		{E557CB4E-AA27-4BFE-9EA3-D8314B94F495}.Debug|Any CPU.Build.0 = Debug|Any CPU
		{E557CB4E-AA27-4BFE-9EA3-D8314B94F495}.Debug|Mixed Platforms.ActiveCfg = Debug|x86
		{E557CB4E-AA27-4BFE-9EA3-D8314B94F495}.Debug|Mixed Platforms.Build.0 = Debug|x86
		{E557CB4E-AA27-4BFE-9EA3-D8314B94F495}.Debug|Win32.ActiveCfg = Debug|x86
		{E557CB4E-AA27-4BFE-9EA3-D8314B94F495}.Debug|Win32.Build.0 = Debug|x86
		{E557CB4E-AA27-4BFE-9EA3-D8314B94F495}.Debug|x64.ActiveCfg = Debug|Any CPU
		{E557CB4E-AA27-4BFE-9EA3-D8314B94F495}.Debug|x64.Build.0 = Debug|Any CPU
		{E557CB4E-AA27-4BFE-9EA3-D8314B94F495}.Debug|x86.ActiveCfg = Debug|x86
		{E557CB4E-AA27-4BFE-9EA3-D8314B94F495}.Debug|x86.Build.0 = Debug|x86
		{E557CB4E-AA27-4BFE-9EA3-D8314B94F495}.Release|Any CPU.ActiveCfg = Release|Any CPU
		{E557CB4E-AA27-4BFE-9EA3-D8314B94F495}.Release|Any CPU.Build.0 = Release|Any CPU
		{E557CB4E-AA27-4BFE-9EA3-D8314B94F495}.Release|Mixed Platforms.ActiveCfg = Release|Any CPU
		{E557CB4E-AA27-4BFE-9EA3-D8314B94F495}.Release|Mixed Platforms.Build.0 = Release|Any CPU
		{E557CB4E-AA27-4BFE-9EA3-D8314B94F495}.Release|Win32.ActiveCfg = Release|Any CPU
		{E557CB4E-AA27-4BFE-9EA3-D8314B94F495}.Release|x64.ActiveCfg = Release|x64
		{E557CB4E-AA27-4BFE-9EA3-D8314B94F495}.Release|x64.Build.0 = Release|x64
		{E557CB4E-AA27-4BFE-9EA3-D8314B94F495}.Release|x86.ActiveCfg = Release|Any CPU
		{EB3438C1-E18A-4007-A1E4-25B6B6D4E430}.Debug|Any CPU.ActiveCfg = Debug|Any CPU
		{EB3438C1-E18A-4007-A1E4-25B6B6D4E430}.Debug|Any CPU.Build.0 = Debug|Any CPU
		{EB3438C1-E18A-4007-A1E4-25B6B6D4E430}.Debug|Mixed Platforms.ActiveCfg = Debug|x86
		{EB3438C1-E18A-4007-A1E4-25B6B6D4E430}.Debug|Mixed Platforms.Build.0 = Debug|x86
		{EB3438C1-E18A-4007-A1E4-25B6B6D4E430}.Debug|Win32.ActiveCfg = Debug|x86
		{EB3438C1-E18A-4007-A1E4-25B6B6D4E430}.Debug|Win32.Build.0 = Debug|x86
		{EB3438C1-E18A-4007-A1E4-25B6B6D4E430}.Debug|x64.ActiveCfg = Debug|Any CPU
		{EB3438C1-E18A-4007-A1E4-25B6B6D4E430}.Debug|x64.Build.0 = Debug|Any CPU
		{EB3438C1-E18A-4007-A1E4-25B6B6D4E430}.Debug|x86.ActiveCfg = Debug|x86
		{EB3438C1-E18A-4007-A1E4-25B6B6D4E430}.Debug|x86.Build.0 = Debug|x86
		{EB3438C1-E18A-4007-A1E4-25B6B6D4E430}.Release|Any CPU.ActiveCfg = Release|Any CPU
		{EB3438C1-E18A-4007-A1E4-25B6B6D4E430}.Release|Any CPU.Build.0 = Release|Any CPU
		{EB3438C1-E18A-4007-A1E4-25B6B6D4E430}.Release|Mixed Platforms.ActiveCfg = Release|Any CPU
		{EB3438C1-E18A-4007-A1E4-25B6B6D4E430}.Release|Mixed Platforms.Build.0 = Release|Any CPU
		{EB3438C1-E18A-4007-A1E4-25B6B6D4E430}.Release|Win32.ActiveCfg = Release|Any CPU
		{EB3438C1-E18A-4007-A1E4-25B6B6D4E430}.Release|x64.ActiveCfg = Release|x64
		{EB3438C1-E18A-4007-A1E4-25B6B6D4E430}.Release|x64.Build.0 = Release|x64
		{EB3438C1-E18A-4007-A1E4-25B6B6D4E430}.Release|x86.ActiveCfg = Release|x86
		{EB3438C1-E18A-4007-A1E4-25B6B6D4E430}.Release|x86.Build.0 = Release|x86
		{CD31453A-D088-44EB-9468-C84F0E9D21DF}.Debug|Any CPU.ActiveCfg = Debug|Any CPU
		{CD31453A-D088-44EB-9468-C84F0E9D21DF}.Debug|Any CPU.Build.0 = Debug|Any CPU
		{CD31453A-D088-44EB-9468-C84F0E9D21DF}.Debug|Mixed Platforms.ActiveCfg = Debug|x86
		{CD31453A-D088-44EB-9468-C84F0E9D21DF}.Debug|Mixed Platforms.Build.0 = Debug|x86
		{CD31453A-D088-44EB-9468-C84F0E9D21DF}.Debug|Win32.ActiveCfg = Debug|x86
		{CD31453A-D088-44EB-9468-C84F0E9D21DF}.Debug|Win32.Build.0 = Debug|x86
		{CD31453A-D088-44EB-9468-C84F0E9D21DF}.Debug|x64.ActiveCfg = Debug|Any CPU
		{CD31453A-D088-44EB-9468-C84F0E9D21DF}.Debug|x64.Build.0 = Debug|Any CPU
		{CD31453A-D088-44EB-9468-C84F0E9D21DF}.Debug|x86.ActiveCfg = Debug|x86
		{CD31453A-D088-44EB-9468-C84F0E9D21DF}.Debug|x86.Build.0 = Debug|x86
		{CD31453A-D088-44EB-9468-C84F0E9D21DF}.Release|Any CPU.ActiveCfg = Release|Any CPU
		{CD31453A-D088-44EB-9468-C84F0E9D21DF}.Release|Any CPU.Build.0 = Release|Any CPU
		{CD31453A-D088-44EB-9468-C84F0E9D21DF}.Release|Mixed Platforms.ActiveCfg = Release|Any CPU
		{CD31453A-D088-44EB-9468-C84F0E9D21DF}.Release|Mixed Platforms.Build.0 = Release|Any CPU
		{CD31453A-D088-44EB-9468-C84F0E9D21DF}.Release|Win32.ActiveCfg = Release|Any CPU
		{CD31453A-D088-44EB-9468-C84F0E9D21DF}.Release|x64.ActiveCfg = Release|x64
		{CD31453A-D088-44EB-9468-C84F0E9D21DF}.Release|x64.Build.0 = Release|x64
		{CD31453A-D088-44EB-9468-C84F0E9D21DF}.Release|x86.ActiveCfg = Release|Any CPU
		{E334EDAC-C9AC-4FF3-9D29-706B705DA153}.Debug|Any CPU.ActiveCfg = Debug|Any CPU
		{E334EDAC-C9AC-4FF3-9D29-706B705DA153}.Debug|Any CPU.Build.0 = Debug|Any CPU
		{E334EDAC-C9AC-4FF3-9D29-706B705DA153}.Debug|Mixed Platforms.ActiveCfg = Debug|x86
		{E334EDAC-C9AC-4FF3-9D29-706B705DA153}.Debug|Mixed Platforms.Build.0 = Debug|x86
		{E334EDAC-C9AC-4FF3-9D29-706B705DA153}.Debug|Win32.ActiveCfg = Debug|Any CPU
		{E334EDAC-C9AC-4FF3-9D29-706B705DA153}.Debug|x64.ActiveCfg = Debug|Any CPU
		{E334EDAC-C9AC-4FF3-9D29-706B705DA153}.Debug|x64.Build.0 = Debug|Any CPU
		{E334EDAC-C9AC-4FF3-9D29-706B705DA153}.Debug|x86.ActiveCfg = Debug|x86
		{E334EDAC-C9AC-4FF3-9D29-706B705DA153}.Debug|x86.Build.0 = Debug|x86
		{E334EDAC-C9AC-4FF3-9D29-706B705DA153}.Release|Any CPU.ActiveCfg = Release|Any CPU
		{E334EDAC-C9AC-4FF3-9D29-706B705DA153}.Release|Any CPU.Build.0 = Release|Any CPU
		{E334EDAC-C9AC-4FF3-9D29-706B705DA153}.Release|Mixed Platforms.ActiveCfg = Release|Any CPU
		{E334EDAC-C9AC-4FF3-9D29-706B705DA153}.Release|Mixed Platforms.Build.0 = Release|Any CPU
		{E334EDAC-C9AC-4FF3-9D29-706B705DA153}.Release|Win32.ActiveCfg = Release|Any CPU
		{E334EDAC-C9AC-4FF3-9D29-706B705DA153}.Release|x64.ActiveCfg = Release|Any CPU
		{E334EDAC-C9AC-4FF3-9D29-706B705DA153}.Release|x86.ActiveCfg = Release|Any CPU
		{5726C94C-77CB-4757-8A20-D66CD1317394}.Debug|Any CPU.ActiveCfg = Debug|Any CPU
		{5726C94C-77CB-4757-8A20-D66CD1317394}.Debug|Any CPU.Build.0 = Debug|Any CPU
		{5726C94C-77CB-4757-8A20-D66CD1317394}.Debug|Mixed Platforms.ActiveCfg = Debug|x86
		{5726C94C-77CB-4757-8A20-D66CD1317394}.Debug|Mixed Platforms.Build.0 = Debug|x86
		{5726C94C-77CB-4757-8A20-D66CD1317394}.Debug|Win32.ActiveCfg = Debug|x86
		{5726C94C-77CB-4757-8A20-D66CD1317394}.Debug|Win32.Build.0 = Debug|x86
		{5726C94C-77CB-4757-8A20-D66CD1317394}.Debug|x64.ActiveCfg = Debug|Any CPU
		{5726C94C-77CB-4757-8A20-D66CD1317394}.Debug|x64.Build.0 = Debug|Any CPU
		{5726C94C-77CB-4757-8A20-D66CD1317394}.Debug|x86.ActiveCfg = Debug|x86
		{5726C94C-77CB-4757-8A20-D66CD1317394}.Debug|x86.Build.0 = Debug|x86
		{5726C94C-77CB-4757-8A20-D66CD1317394}.Release|Any CPU.ActiveCfg = Release|Any CPU
		{5726C94C-77CB-4757-8A20-D66CD1317394}.Release|Any CPU.Build.0 = Release|Any CPU
		{5726C94C-77CB-4757-8A20-D66CD1317394}.Release|Mixed Platforms.ActiveCfg = Release|x86
		{5726C94C-77CB-4757-8A20-D66CD1317394}.Release|Mixed Platforms.Build.0 = Release|x86
		{5726C94C-77CB-4757-8A20-D66CD1317394}.Release|Win32.ActiveCfg = Release|x86
		{5726C94C-77CB-4757-8A20-D66CD1317394}.Release|Win32.Build.0 = Release|x86
		{5726C94C-77CB-4757-8A20-D66CD1317394}.Release|x64.ActiveCfg = Release|Any CPU
		{5726C94C-77CB-4757-8A20-D66CD1317394}.Release|x86.ActiveCfg = Release|x86
		{5726C94C-77CB-4757-8A20-D66CD1317394}.Release|x86.Build.0 = Release|x86
		{239C8556-B259-4A17-BED3-BFAC17299D88}.Debug|Any CPU.ActiveCfg = Debug|Any CPU
		{239C8556-B259-4A17-BED3-BFAC17299D88}.Debug|Any CPU.Build.0 = Debug|Any CPU
		{239C8556-B259-4A17-BED3-BFAC17299D88}.Debug|Mixed Platforms.ActiveCfg = Debug|x86
		{239C8556-B259-4A17-BED3-BFAC17299D88}.Debug|Mixed Platforms.Build.0 = Debug|x86
		{239C8556-B259-4A17-BED3-BFAC17299D88}.Debug|Win32.ActiveCfg = Debug|Any CPU
		{239C8556-B259-4A17-BED3-BFAC17299D88}.Debug|x64.ActiveCfg = Debug|Any CPU
		{239C8556-B259-4A17-BED3-BFAC17299D88}.Debug|x64.Build.0 = Debug|Any CPU
		{239C8556-B259-4A17-BED3-BFAC17299D88}.Debug|x86.ActiveCfg = Debug|Any CPU
		{239C8556-B259-4A17-BED3-BFAC17299D88}.Release|Any CPU.ActiveCfg = Release|Any CPU
		{239C8556-B259-4A17-BED3-BFAC17299D88}.Release|Any CPU.Build.0 = Release|Any CPU
		{239C8556-B259-4A17-BED3-BFAC17299D88}.Release|Mixed Platforms.ActiveCfg = Release|Any CPU
		{239C8556-B259-4A17-BED3-BFAC17299D88}.Release|Mixed Platforms.Build.0 = Release|Any CPU
		{239C8556-B259-4A17-BED3-BFAC17299D88}.Release|Win32.ActiveCfg = Release|Any CPU
		{239C8556-B259-4A17-BED3-BFAC17299D88}.Release|x64.ActiveCfg = Release|Any CPU
		{239C8556-B259-4A17-BED3-BFAC17299D88}.Release|x86.ActiveCfg = Release|Any CPU
		{C9AF0E6C-2F1B-4A78-8224-BD8B16817C03}.Debug|Any CPU.ActiveCfg = Debug|Any CPU
		{C9AF0E6C-2F1B-4A78-8224-BD8B16817C03}.Debug|Any CPU.Build.0 = Debug|Any CPU
		{C9AF0E6C-2F1B-4A78-8224-BD8B16817C03}.Debug|Mixed Platforms.ActiveCfg = Debug|x86
		{C9AF0E6C-2F1B-4A78-8224-BD8B16817C03}.Debug|Mixed Platforms.Build.0 = Debug|x86
		{C9AF0E6C-2F1B-4A78-8224-BD8B16817C03}.Debug|Win32.ActiveCfg = Debug|x86
		{C9AF0E6C-2F1B-4A78-8224-BD8B16817C03}.Debug|Win32.Build.0 = Debug|x86
		{C9AF0E6C-2F1B-4A78-8224-BD8B16817C03}.Debug|x64.ActiveCfg = Debug|Any CPU
		{C9AF0E6C-2F1B-4A78-8224-BD8B16817C03}.Debug|x64.Build.0 = Debug|Any CPU
		{C9AF0E6C-2F1B-4A78-8224-BD8B16817C03}.Debug|x86.ActiveCfg = Debug|x86
		{C9AF0E6C-2F1B-4A78-8224-BD8B16817C03}.Debug|x86.Build.0 = Debug|x86
		{C9AF0E6C-2F1B-4A78-8224-BD8B16817C03}.Release|Any CPU.ActiveCfg = Release|Any CPU
		{C9AF0E6C-2F1B-4A78-8224-BD8B16817C03}.Release|Any CPU.Build.0 = Release|Any CPU
		{C9AF0E6C-2F1B-4A78-8224-BD8B16817C03}.Release|Mixed Platforms.ActiveCfg = Release|x86
		{C9AF0E6C-2F1B-4A78-8224-BD8B16817C03}.Release|Mixed Platforms.Build.0 = Release|x86
		{C9AF0E6C-2F1B-4A78-8224-BD8B16817C03}.Release|Win32.ActiveCfg = Release|x86
		{C9AF0E6C-2F1B-4A78-8224-BD8B16817C03}.Release|Win32.Build.0 = Release|x86
		{C9AF0E6C-2F1B-4A78-8224-BD8B16817C03}.Release|x64.ActiveCfg = Release|x64
		{C9AF0E6C-2F1B-4A78-8224-BD8B16817C03}.Release|x64.Build.0 = Release|x64
		{C9AF0E6C-2F1B-4A78-8224-BD8B16817C03}.Release|x86.ActiveCfg = Release|x86
		{C9AF0E6C-2F1B-4A78-8224-BD8B16817C03}.Release|x86.Build.0 = Release|x86
		{B6EE20A6-0495-4A40-A37A-8A7B44E72521}.Debug|Any CPU.ActiveCfg = Debug|Any CPU
		{B6EE20A6-0495-4A40-A37A-8A7B44E72521}.Debug|Any CPU.Build.0 = Debug|Any CPU
		{B6EE20A6-0495-4A40-A37A-8A7B44E72521}.Debug|Mixed Platforms.ActiveCfg = Debug|Any CPU
		{B6EE20A6-0495-4A40-A37A-8A7B44E72521}.Debug|Mixed Platforms.Build.0 = Debug|Any CPU
		{B6EE20A6-0495-4A40-A37A-8A7B44E72521}.Debug|Win32.ActiveCfg = Debug|Any CPU
		{B6EE20A6-0495-4A40-A37A-8A7B44E72521}.Debug|Win32.Build.0 = Debug|Any CPU
		{B6EE20A6-0495-4A40-A37A-8A7B44E72521}.Debug|x64.ActiveCfg = Debug|Any CPU
		{B6EE20A6-0495-4A40-A37A-8A7B44E72521}.Debug|x64.Build.0 = Debug|Any CPU
		{B6EE20A6-0495-4A40-A37A-8A7B44E72521}.Debug|x86.ActiveCfg = Debug|Any CPU
		{B6EE20A6-0495-4A40-A37A-8A7B44E72521}.Debug|x86.Build.0 = Debug|Any CPU
		{B6EE20A6-0495-4A40-A37A-8A7B44E72521}.Release|Any CPU.ActiveCfg = Release|Any CPU
		{B6EE20A6-0495-4A40-A37A-8A7B44E72521}.Release|Any CPU.Build.0 = Release|Any CPU
		{B6EE20A6-0495-4A40-A37A-8A7B44E72521}.Release|Mixed Platforms.ActiveCfg = Release|Any CPU
		{B6EE20A6-0495-4A40-A37A-8A7B44E72521}.Release|Mixed Platforms.Build.0 = Release|Any CPU
		{B6EE20A6-0495-4A40-A37A-8A7B44E72521}.Release|Win32.ActiveCfg = Release|Any CPU
		{B6EE20A6-0495-4A40-A37A-8A7B44E72521}.Release|Win32.Build.0 = Release|Any CPU
		{B6EE20A6-0495-4A40-A37A-8A7B44E72521}.Release|x64.ActiveCfg = Release|Any CPU
		{B6EE20A6-0495-4A40-A37A-8A7B44E72521}.Release|x64.Build.0 = Release|Any CPU
		{B6EE20A6-0495-4A40-A37A-8A7B44E72521}.Release|x86.ActiveCfg = Release|Any CPU
		{B6EE20A6-0495-4A40-A37A-8A7B44E72521}.Release|x86.Build.0 = Release|Any CPU
		{88497F13-8AEE-46B0-ABA4-DB80F1F25038}.Debug|Any CPU.ActiveCfg = Debug|Any CPU
		{88497F13-8AEE-46B0-ABA4-DB80F1F25038}.Debug|Any CPU.Build.0 = Debug|Any CPU
		{88497F13-8AEE-46B0-ABA4-DB80F1F25038}.Debug|Mixed Platforms.ActiveCfg = Debug|Any CPU
		{88497F13-8AEE-46B0-ABA4-DB80F1F25038}.Debug|Mixed Platforms.Build.0 = Debug|Any CPU
		{88497F13-8AEE-46B0-ABA4-DB80F1F25038}.Debug|Win32.ActiveCfg = Debug|Any CPU
		{88497F13-8AEE-46B0-ABA4-DB80F1F25038}.Debug|x64.ActiveCfg = Debug|Any CPU
		{88497F13-8AEE-46B0-ABA4-DB80F1F25038}.Debug|x64.Build.0 = Debug|Any CPU
		{88497F13-8AEE-46B0-ABA4-DB80F1F25038}.Debug|x86.ActiveCfg = Debug|Any CPU
		{88497F13-8AEE-46B0-ABA4-DB80F1F25038}.Release|Any CPU.ActiveCfg = Release|Any CPU
		{88497F13-8AEE-46B0-ABA4-DB80F1F25038}.Release|Any CPU.Build.0 = Release|Any CPU
		{88497F13-8AEE-46B0-ABA4-DB80F1F25038}.Release|Mixed Platforms.ActiveCfg = Release|Any CPU
		{88497F13-8AEE-46B0-ABA4-DB80F1F25038}.Release|Mixed Platforms.Build.0 = Release|Any CPU
		{88497F13-8AEE-46B0-ABA4-DB80F1F25038}.Release|Win32.ActiveCfg = Release|Any CPU
		{88497F13-8AEE-46B0-ABA4-DB80F1F25038}.Release|x64.ActiveCfg = Release|Any CPU
		{88497F13-8AEE-46B0-ABA4-DB80F1F25038}.Release|x86.ActiveCfg = Release|Any CPU
		{F317AF2E-9704-4A2A-BDAE-B4662ED9483B}.Debug|Any CPU.ActiveCfg = Debug|x86
		{F317AF2E-9704-4A2A-BDAE-B4662ED9483B}.Debug|Mixed Platforms.ActiveCfg = Debug|x86
		{F317AF2E-9704-4A2A-BDAE-B4662ED9483B}.Debug|Mixed Platforms.Build.0 = Debug|x86
		{F317AF2E-9704-4A2A-BDAE-B4662ED9483B}.Debug|Win32.ActiveCfg = Debug|x86
		{F317AF2E-9704-4A2A-BDAE-B4662ED9483B}.Debug|Win32.Build.0 = Debug|x86
		{F317AF2E-9704-4A2A-BDAE-B4662ED9483B}.Debug|x64.ActiveCfg = Debug|Any CPU
		{F317AF2E-9704-4A2A-BDAE-B4662ED9483B}.Debug|x64.Build.0 = Debug|Any CPU
		{F317AF2E-9704-4A2A-BDAE-B4662ED9483B}.Debug|x86.ActiveCfg = Debug|x86
		{F317AF2E-9704-4A2A-BDAE-B4662ED9483B}.Debug|x86.Build.0 = Debug|x86
		{F317AF2E-9704-4A2A-BDAE-B4662ED9483B}.Release|Any CPU.ActiveCfg = Release|x86
		{F317AF2E-9704-4A2A-BDAE-B4662ED9483B}.Release|Mixed Platforms.ActiveCfg = Release|x86
		{F317AF2E-9704-4A2A-BDAE-B4662ED9483B}.Release|Mixed Platforms.Build.0 = Release|x86
		{F317AF2E-9704-4A2A-BDAE-B4662ED9483B}.Release|Win32.ActiveCfg = Release|x86
		{F317AF2E-9704-4A2A-BDAE-B4662ED9483B}.Release|Win32.Build.0 = Release|x86
		{F317AF2E-9704-4A2A-BDAE-B4662ED9483B}.Release|x64.ActiveCfg = Release|x86
		{F317AF2E-9704-4A2A-BDAE-B4662ED9483B}.Release|x86.ActiveCfg = Release|x86
		{F317AF2E-9704-4A2A-BDAE-B4662ED9483B}.Release|x86.Build.0 = Release|x86
		{5BA49CDA-E7B5-4F2B-9A17-A13CF03B8A02}.Debug|Any CPU.ActiveCfg = Debug|Any CPU
		{5BA49CDA-E7B5-4F2B-9A17-A13CF03B8A02}.Debug|Any CPU.Build.0 = Debug|Any CPU
		{5BA49CDA-E7B5-4F2B-9A17-A13CF03B8A02}.Debug|Mixed Platforms.ActiveCfg = Debug|Any CPU
		{5BA49CDA-E7B5-4F2B-9A17-A13CF03B8A02}.Debug|Mixed Platforms.Build.0 = Debug|Any CPU
		{5BA49CDA-E7B5-4F2B-9A17-A13CF03B8A02}.Debug|Win32.ActiveCfg = Debug|Any CPU
		{5BA49CDA-E7B5-4F2B-9A17-A13CF03B8A02}.Debug|Win32.Build.0 = Debug|Any CPU
		{5BA49CDA-E7B5-4F2B-9A17-A13CF03B8A02}.Debug|x64.ActiveCfg = Debug|Any CPU
		{5BA49CDA-E7B5-4F2B-9A17-A13CF03B8A02}.Debug|x64.Build.0 = Debug|Any CPU
		{5BA49CDA-E7B5-4F2B-9A17-A13CF03B8A02}.Debug|x86.ActiveCfg = Debug|Any CPU
		{5BA49CDA-E7B5-4F2B-9A17-A13CF03B8A02}.Debug|x86.Build.0 = Debug|Any CPU
		{5BA49CDA-E7B5-4F2B-9A17-A13CF03B8A02}.Release|Any CPU.ActiveCfg = Release|Any CPU
		{5BA49CDA-E7B5-4F2B-9A17-A13CF03B8A02}.Release|Any CPU.Build.0 = Release|Any CPU
		{5BA49CDA-E7B5-4F2B-9A17-A13CF03B8A02}.Release|Mixed Platforms.ActiveCfg = Release|Any CPU
		{5BA49CDA-E7B5-4F2B-9A17-A13CF03B8A02}.Release|Mixed Platforms.Build.0 = Release|Any CPU
		{5BA49CDA-E7B5-4F2B-9A17-A13CF03B8A02}.Release|Win32.ActiveCfg = Release|Any CPU
		{5BA49CDA-E7B5-4F2B-9A17-A13CF03B8A02}.Release|Win32.Build.0 = Release|Any CPU
		{5BA49CDA-E7B5-4F2B-9A17-A13CF03B8A02}.Release|x64.ActiveCfg = Release|Any CPU
		{5BA49CDA-E7B5-4F2B-9A17-A13CF03B8A02}.Release|x64.Build.0 = Release|Any CPU
		{5BA49CDA-E7B5-4F2B-9A17-A13CF03B8A02}.Release|x86.ActiveCfg = Release|Any CPU
		{5BA49CDA-E7B5-4F2B-9A17-A13CF03B8A02}.Release|x86.Build.0 = Release|Any CPU
		{EEB0567C-D867-4D98-BCD5-FD2224E533D9}.Debug|Any CPU.ActiveCfg = Debug|Any CPU
		{EEB0567C-D867-4D98-BCD5-FD2224E533D9}.Debug|Any CPU.Build.0 = Debug|Any CPU
		{EEB0567C-D867-4D98-BCD5-FD2224E533D9}.Debug|Mixed Platforms.ActiveCfg = Debug|Any CPU
		{EEB0567C-D867-4D98-BCD5-FD2224E533D9}.Debug|Mixed Platforms.Build.0 = Debug|Any CPU
		{EEB0567C-D867-4D98-BCD5-FD2224E533D9}.Debug|Win32.ActiveCfg = Debug|Any CPU
		{EEB0567C-D867-4D98-BCD5-FD2224E533D9}.Debug|Win32.Build.0 = Debug|Any CPU
		{EEB0567C-D867-4D98-BCD5-FD2224E533D9}.Debug|x64.ActiveCfg = Debug|Any CPU
		{EEB0567C-D867-4D98-BCD5-FD2224E533D9}.Debug|x64.Build.0 = Debug|Any CPU
		{EEB0567C-D867-4D98-BCD5-FD2224E533D9}.Debug|x86.ActiveCfg = Debug|Any CPU
		{EEB0567C-D867-4D98-BCD5-FD2224E533D9}.Debug|x86.Build.0 = Debug|Any CPU
		{EEB0567C-D867-4D98-BCD5-FD2224E533D9}.Release|Any CPU.ActiveCfg = Release|Any CPU
		{EEB0567C-D867-4D98-BCD5-FD2224E533D9}.Release|Any CPU.Build.0 = Release|Any CPU
		{EEB0567C-D867-4D98-BCD5-FD2224E533D9}.Release|Mixed Platforms.ActiveCfg = Release|Any CPU
		{EEB0567C-D867-4D98-BCD5-FD2224E533D9}.Release|Mixed Platforms.Build.0 = Release|Any CPU
		{EEB0567C-D867-4D98-BCD5-FD2224E533D9}.Release|Win32.ActiveCfg = Release|Any CPU
		{EEB0567C-D867-4D98-BCD5-FD2224E533D9}.Release|Win32.Build.0 = Release|Any CPU
		{EEB0567C-D867-4D98-BCD5-FD2224E533D9}.Release|x64.ActiveCfg = Release|Any CPU
		{EEB0567C-D867-4D98-BCD5-FD2224E533D9}.Release|x64.Build.0 = Release|Any CPU
		{EEB0567C-D867-4D98-BCD5-FD2224E533D9}.Release|x86.ActiveCfg = Release|Any CPU
		{EEB0567C-D867-4D98-BCD5-FD2224E533D9}.Release|x86.Build.0 = Release|Any CPU
		{A47F9FE8-C5D2-415D-973A-BC733092DEDC}.Debug|Any CPU.ActiveCfg = Debug|Any CPU
		{A47F9FE8-C5D2-415D-973A-BC733092DEDC}.Debug|Any CPU.Build.0 = Debug|Any CPU
		{A47F9FE8-C5D2-415D-973A-BC733092DEDC}.Debug|Mixed Platforms.ActiveCfg = Debug|Any CPU
		{A47F9FE8-C5D2-415D-973A-BC733092DEDC}.Debug|Mixed Platforms.Build.0 = Debug|Any CPU
		{A47F9FE8-C5D2-415D-973A-BC733092DEDC}.Debug|Win32.ActiveCfg = Debug|Any CPU
		{A47F9FE8-C5D2-415D-973A-BC733092DEDC}.Debug|Win32.Build.0 = Debug|Any CPU
		{A47F9FE8-C5D2-415D-973A-BC733092DEDC}.Debug|x64.ActiveCfg = Debug|Any CPU
		{A47F9FE8-C5D2-415D-973A-BC733092DEDC}.Debug|x64.Build.0 = Debug|Any CPU
		{A47F9FE8-C5D2-415D-973A-BC733092DEDC}.Debug|x86.ActiveCfg = Debug|Any CPU
		{A47F9FE8-C5D2-415D-973A-BC733092DEDC}.Debug|x86.Build.0 = Debug|Any CPU
		{A47F9FE8-C5D2-415D-973A-BC733092DEDC}.Release|Any CPU.ActiveCfg = Release|Any CPU
		{A47F9FE8-C5D2-415D-973A-BC733092DEDC}.Release|Any CPU.Build.0 = Release|Any CPU
		{A47F9FE8-C5D2-415D-973A-BC733092DEDC}.Release|Mixed Platforms.ActiveCfg = Release|Any CPU
		{A47F9FE8-C5D2-415D-973A-BC733092DEDC}.Release|Mixed Platforms.Build.0 = Release|Any CPU
		{A47F9FE8-C5D2-415D-973A-BC733092DEDC}.Release|Win32.ActiveCfg = Release|Any CPU
		{A47F9FE8-C5D2-415D-973A-BC733092DEDC}.Release|Win32.Build.0 = Release|Any CPU
		{A47F9FE8-C5D2-415D-973A-BC733092DEDC}.Release|x64.ActiveCfg = Release|Any CPU
		{A47F9FE8-C5D2-415D-973A-BC733092DEDC}.Release|x64.Build.0 = Release|Any CPU
		{A47F9FE8-C5D2-415D-973A-BC733092DEDC}.Release|x86.ActiveCfg = Release|Any CPU
		{A47F9FE8-C5D2-415D-973A-BC733092DEDC}.Release|x86.Build.0 = Release|Any CPU
		{607C5DD8-03AC-4265-9F89-B5A8F9CB4EBB}.Debug|Any CPU.ActiveCfg = Debug|Any CPU
		{607C5DD8-03AC-4265-9F89-B5A8F9CB4EBB}.Debug|Any CPU.Build.0 = Debug|Any CPU
		{607C5DD8-03AC-4265-9F89-B5A8F9CB4EBB}.Debug|Mixed Platforms.ActiveCfg = Debug|Any CPU
		{607C5DD8-03AC-4265-9F89-B5A8F9CB4EBB}.Debug|Mixed Platforms.Build.0 = Debug|Any CPU
		{607C5DD8-03AC-4265-9F89-B5A8F9CB4EBB}.Debug|Win32.ActiveCfg = Debug|Any CPU
		{607C5DD8-03AC-4265-9F89-B5A8F9CB4EBB}.Debug|Win32.Build.0 = Debug|Any CPU
		{607C5DD8-03AC-4265-9F89-B5A8F9CB4EBB}.Debug|x64.ActiveCfg = Debug|Any CPU
		{607C5DD8-03AC-4265-9F89-B5A8F9CB4EBB}.Debug|x64.Build.0 = Debug|Any CPU
		{607C5DD8-03AC-4265-9F89-B5A8F9CB4EBB}.Debug|x86.ActiveCfg = Debug|Any CPU
		{607C5DD8-03AC-4265-9F89-B5A8F9CB4EBB}.Debug|x86.Build.0 = Debug|Any CPU
		{607C5DD8-03AC-4265-9F89-B5A8F9CB4EBB}.Release|Any CPU.ActiveCfg = Release|Any CPU
		{607C5DD8-03AC-4265-9F89-B5A8F9CB4EBB}.Release|Any CPU.Build.0 = Release|Any CPU
		{607C5DD8-03AC-4265-9F89-B5A8F9CB4EBB}.Release|Mixed Platforms.ActiveCfg = Release|Any CPU
		{607C5DD8-03AC-4265-9F89-B5A8F9CB4EBB}.Release|Mixed Platforms.Build.0 = Release|Any CPU
		{607C5DD8-03AC-4265-9F89-B5A8F9CB4EBB}.Release|Win32.ActiveCfg = Release|Any CPU
		{607C5DD8-03AC-4265-9F89-B5A8F9CB4EBB}.Release|Win32.Build.0 = Release|Any CPU
		{607C5DD8-03AC-4265-9F89-B5A8F9CB4EBB}.Release|x64.ActiveCfg = Release|Any CPU
		{607C5DD8-03AC-4265-9F89-B5A8F9CB4EBB}.Release|x64.Build.0 = Release|Any CPU
		{607C5DD8-03AC-4265-9F89-B5A8F9CB4EBB}.Release|x86.ActiveCfg = Release|Any CPU
		{607C5DD8-03AC-4265-9F89-B5A8F9CB4EBB}.Release|x86.Build.0 = Release|Any CPU
		{76992B00-5921-471E-9655-22C4789071B5}.Debug|Any CPU.ActiveCfg = Debug|Any CPU
		{76992B00-5921-471E-9655-22C4789071B5}.Debug|Any CPU.Build.0 = Debug|Any CPU
		{76992B00-5921-471E-9655-22C4789071B5}.Debug|Mixed Platforms.ActiveCfg = Debug|Any CPU
		{76992B00-5921-471E-9655-22C4789071B5}.Debug|Mixed Platforms.Build.0 = Debug|Any CPU
		{76992B00-5921-471E-9655-22C4789071B5}.Debug|Win32.ActiveCfg = Debug|Any CPU
		{76992B00-5921-471E-9655-22C4789071B5}.Debug|Win32.Build.0 = Debug|Any CPU
		{76992B00-5921-471E-9655-22C4789071B5}.Debug|x64.ActiveCfg = Debug|Any CPU
		{76992B00-5921-471E-9655-22C4789071B5}.Debug|x64.Build.0 = Debug|Any CPU
		{76992B00-5921-471E-9655-22C4789071B5}.Debug|x86.ActiveCfg = Debug|Any CPU
		{76992B00-5921-471E-9655-22C4789071B5}.Debug|x86.Build.0 = Debug|Any CPU
		{76992B00-5921-471E-9655-22C4789071B5}.Release|Any CPU.ActiveCfg = Release|Any CPU
		{76992B00-5921-471E-9655-22C4789071B5}.Release|Any CPU.Build.0 = Release|Any CPU
		{76992B00-5921-471E-9655-22C4789071B5}.Release|Mixed Platforms.ActiveCfg = Release|Any CPU
		{76992B00-5921-471E-9655-22C4789071B5}.Release|Mixed Platforms.Build.0 = Release|Any CPU
		{76992B00-5921-471E-9655-22C4789071B5}.Release|Win32.ActiveCfg = Release|Any CPU
		{76992B00-5921-471E-9655-22C4789071B5}.Release|Win32.Build.0 = Release|Any CPU
		{76992B00-5921-471E-9655-22C4789071B5}.Release|x64.ActiveCfg = Release|Any CPU
		{76992B00-5921-471E-9655-22C4789071B5}.Release|x64.Build.0 = Release|Any CPU
		{76992B00-5921-471E-9655-22C4789071B5}.Release|x86.ActiveCfg = Release|Any CPU
		{76992B00-5921-471E-9655-22C4789071B5}.Release|x86.Build.0 = Release|Any CPU
	EndGlobalSection
	GlobalSection(SolutionProperties) = preSolution
		HideSolutionNode = FALSE
	EndGlobalSection
	GlobalSection(NestedProjects) = preSolution
		{E557CB4E-AA27-4BFE-9EA3-D8314B94F495} = {A97E7665-EEEB-49F6-AB79-F81589551CA3}
		{CD31453A-D088-44EB-9468-C84F0E9D21DF} = {A97E7665-EEEB-49F6-AB79-F81589551CA3}
		{A47F9FE8-C5D2-415D-973A-BC733092DEDC} = {49808AAA-E11F-4EC3-97D6-B1FF6D991EC9}
		{607C5DD8-03AC-4265-9F89-B5A8F9CB4EBB} = {49808AAA-E11F-4EC3-97D6-B1FF6D991EC9}
	EndGlobalSection
	GlobalSection(ExtensibilityGlobals) = postSolution
		SolutionGuid = {84C64DAC-2A56-4501-859F-4BF2520118B9}
	EndGlobalSection
EndGlobal
